
Microsoft Visual Studio Solution File, Format Version 12.00
# Visual Studio 15
Project("{FAE04EC0-301F-11D3-BF4B-00C04F79EFBC}") = "Assembly-CSharp", "Assembly-CSharp.csproj", "{FC191219-FC5C-38DB-4EEE-8EC46B4B9EA7}"
EndProject
Project("{FAE04EC0-301F-11D3-BF4B-00C04F79EFBC}") = "Assembly-CSharp-firstpass", "Assembly-CSharp-firstpass.csproj", "{5CA690D8-0902-3B46-D3EF-7EA35F0626BD}"
EndProject
Project("{FAE04EC0-301F-11D3-BF4B-00C04F79EFBC}") = "Assembly-CSharp-Editor", "Assembly-CSharp-Editor.csproj", "{991BE21F-EB6F-5DC0-B38E-3F99EAFAE184}"
EndProject
Global
	GlobalSection(SolutionConfigurationPlatforms) = preSolution
		Debug|Any CPU = Debug|Any CPU
		Release|Any CPU = Release|Any CPU
	EndGlobalSection
	GlobalSection(ProjectConfigurationPlatforms) = postSolution
		{FC191219-FC5C-38DB-4EEE-8EC46B4B9EA7}.Debug|Any CPU.ActiveCfg = Debug|Any CPU
		{FC191219-FC5C-38DB-4EEE-8EC46B4B9EA7}.Debug|Any CPU.Build.0 = Debug|Any CPU
		{FC191219-FC5C-38DB-4EEE-8EC46B4B9EA7}.Release|Any CPU.ActiveCfg = Release|Any CPU
		{FC191219-FC5C-38DB-4EEE-8EC46B4B9EA7}.Release|Any CPU.Build.0 = Release|Any CPU
		{5CA690D8-0902-3B46-D3EF-7EA35F0626BD}.Debug|Any CPU.ActiveCfg = Debug|Any CPU
		{5CA690D8-0902-3B46-D3EF-7EA35F0626BD}.Debug|Any CPU.Build.0 = Debug|Any CPU
		{5CA690D8-0902-3B46-D3EF-7EA35F0626BD}.Release|Any CPU.ActiveCfg = Release|Any CPU
		{5CA690D8-0902-3B46-D3EF-7EA35F0626BD}.Release|Any CPU.Build.0 = Release|Any CPU
		{991BE21F-EB6F-5DC0-B38E-3F99EAFAE184}.Debug|Any CPU.ActiveCfg = Debug|Any CPU
		{991BE21F-EB6F-5DC0-B38E-3F99EAFAE184}.Debug|Any CPU.Build.0 = Debug|Any CPU
		{991BE21F-EB6F-5DC0-B38E-3F99EAFAE184}.Release|Any CPU.ActiveCfg = Release|Any CPU
		{991BE21F-EB6F-5DC0-B38E-3F99EAFAE184}.Release|Any CPU.Build.0 = Release|Any CPU
	EndGlobalSection
	GlobalSection(SolutionProperties) = preSolution
		HideSolutionNode = FALSE
	EndGlobalSection
EndGlobal
